
Microsoft Visual Studio Solution File, Format Version 12.00
# Visual Studio Version 17
VisualStudioVersion = 17.12.35506.116
MinimumVisualStudioVersion = 10.0.40219.1
Project("{FAE04EC0-301F-11D3-BF4B-00C04F79EFBC}") = "AppBank2", "AppBank2\AppBank2.csproj", "{F5CF934B-FB7F-49A1-8C1E-2E841A1A7996}"
EndProject
Project("{FAE04EC0-301F-11D3-BF4B-00C04F79EFBC}") = "BankTask1", "BankTask1\BankTask1.csproj", "{A9D9C2BA-4D86-4B8D-A212-096A050C2EAA}"
EndProject
Global
	GlobalSection(SolutionConfigurationPlatforms) = preSolution
		Debug|Any CPU = Debug|Any CPU
		Release|Any CPU = Release|Any CPU
	EndGlobalSection
	GlobalSection(ProjectConfigurationPlatforms) = postSolution
		{F5CF934B-FB7F-49A1-8C1E-2E841A1A7996}.Debug|Any CPU.ActiveCfg = Debug|Any CPU
		{F5CF934B-FB7F-49A1-8C1E-2E841A1A7996}.Debug|Any CPU.Build.0 = Debug|Any CPU
		{F5CF934B-FB7F-49A1-8C1E-2E841A1A7996}.Release|Any CPU.ActiveCfg = Release|Any CPU
		{F5CF934B-FB7F-49A1-8C1E-2E841A1A7996}.Release|Any CPU.Build.0 = Release|Any CPU
		{A9D9C2BA-4D86-4B8D-A212-096A050C2EAA}.Debug|Any CPU.ActiveCfg = Debug|Any CPU
		{A9D9C2BA-4D86-4B8D-A212-096A050C2EAA}.Debug|Any CPU.Build.0 = Debug|Any CPU
		{A9D9C2BA-4D86-4B8D-A212-096A050C2EAA}.Release|Any CPU.ActiveCfg = Release|Any CPU
		{A9D9C2BA-4D86-4B8D-A212-096A050C2EAA}.Release|Any CPU.Build.0 = Release|Any CPU
	EndGlobalSection
	GlobalSection(SolutionProperties) = preSolution
		HideSolutionNode = FALSE
	EndGlobalSection
EndGlobal
